
Microsoft Visual Studio Solution File, Format Version 12.00
# Visual Studio 2013
VisualStudioVersion = 12.0.21005.1
MinimumVisualStudioVersion = 10.0.40219.1
Project("{FAE04EC0-301F-11D3-BF4B-00C04F79EFBC}") = "Tasko", "Tasko\Tasko.csproj", "{C78127EA-72CA-4D36-AEF5-EB6B6F7DB13B}"
EndProject
Project("{FAE04EC0-301F-11D3-BF4B-00C04F79EFBC}") = "TaskoRepository", "TaskoRepository\TaskoRepository.csproj", "{C42315DA-B29F-4D7A-AB5C-2ECA1220A918}"
EndProject
Project("{FAE04EC0-301F-11D3-BF4B-00C04F79EFBC}") = "TaskoCore", "TaskoCore\TaskoCore.csproj", "{96BB1BA8-EA7A-422B-A1DA-CB9A8D5159A6}"
EndProject
Project("{FAE04EC0-301F-11D3-BF4B-00C04F79EFBC}") = "TaskoTestClient", "TaskoTestClient\TaskoTestClient.csproj", "{602EA81E-F885-4AA1-B623-AC3E07F93972}"
EndProject
Global
	GlobalSection(SolutionConfigurationPlatforms) = preSolution
		Debug|Any CPU = Debug|Any CPU
		Release|Any CPU = Release|Any CPU
	EndGlobalSection
	GlobalSection(ProjectConfigurationPlatforms) = postSolution
		{C78127EA-72CA-4D36-AEF5-EB6B6F7DB13B}.Debug|Any CPU.ActiveCfg = Debug|Any CPU
		{C78127EA-72CA-4D36-AEF5-EB6B6F7DB13B}.Debug|Any CPU.Build.0 = Debug|Any CPU
		{C78127EA-72CA-4D36-AEF5-EB6B6F7DB13B}.Release|Any CPU.ActiveCfg = Release|Any CPU
		{C78127EA-72CA-4D36-AEF5-EB6B6F7DB13B}.Release|Any CPU.Build.0 = Release|Any CPU
		{C42315DA-B29F-4D7A-AB5C-2ECA1220A918}.Debug|Any CPU.ActiveCfg = Debug|Any CPU
		{C42315DA-B29F-4D7A-AB5C-2ECA1220A918}.Debug|Any CPU.Build.0 = Debug|Any CPU
		{C42315DA-B29F-4D7A-AB5C-2ECA1220A918}.Release|Any CPU.ActiveCfg = Release|Any CPU
		{C42315DA-B29F-4D7A-AB5C-2ECA1220A918}.Release|Any CPU.Build.0 = Release|Any CPU
		{96BB1BA8-EA7A-422B-A1DA-CB9A8D5159A6}.Debug|Any CPU.ActiveCfg = Debug|Any CPU
		{96BB1BA8-EA7A-422B-A1DA-CB9A8D5159A6}.Debug|Any CPU.Build.0 = Debug|Any CPU
		{96BB1BA8-EA7A-422B-A1DA-CB9A8D5159A6}.Release|Any CPU.ActiveCfg = Release|Any CPU
		{96BB1BA8-EA7A-422B-A1DA-CB9A8D5159A6}.Release|Any CPU.Build.0 = Release|Any CPU
		{602EA81E-F885-4AA1-B623-AC3E07F93972}.Debug|Any CPU.ActiveCfg = Debug|Any CPU
		{602EA81E-F885-4AA1-B623-AC3E07F93972}.Debug|Any CPU.Build.0 = Debug|Any CPU
		{602EA81E-F885-4AA1-B623-AC3E07F93972}.Release|Any CPU.ActiveCfg = Release|Any CPU
		{602EA81E-F885-4AA1-B623-AC3E07F93972}.Release|Any CPU.Build.0 = Release|Any CPU
	EndGlobalSection
	GlobalSection(SolutionProperties) = preSolution
		HideSolutionNode = FALSE
	EndGlobalSection
EndGlobal
